// !$*UTF8*$!
{
	archiveVersion = 1;
	classes = {
	};
	objectVersion = 56;
	objects = {

/* Begin PBXBuildFile section */
		57C5E0755635A5FAD717E194 /* Pods_VideoPlayerPractice.framework in Frameworks */ = {isa = PBXBuildFile; fileRef = 14947C6882D1C322D3DFD89B /* Pods_VideoPlayerPractice.framework */; };
		6D83CB382936201000AA1015 /* AppDelegate.swift in Sources */ = {isa = PBXBuildFile; fileRef = 6D83CB372936201000AA1015 /* AppDelegate.swift */; };
		6D83CB3A2936201000AA1015 /* SceneDelegate.swift in Sources */ = {isa = PBXBuildFile; fileRef = 6D83CB392936201000AA1015 /* SceneDelegate.swift */; };
		6D83CB3C2936201000AA1015 /* ViewController.swift in Sources */ = {isa = PBXBuildFile; fileRef = 6D83CB3B2936201000AA1015 /* ViewController.swift */; };
		6D83CB3F2936201000AA1015 /* Main.storyboard in Resources */ = {isa = PBXBuildFile; fileRef = 6D83CB3D2936201000AA1015 /* Main.storyboard */; };
		6D83CB412936201200AA1015 /* Assets.xcassets in Resources */ = {isa = PBXBuildFile; fileRef = 6D83CB402936201200AA1015 /* Assets.xcassets */; };
		6D83CB442936201200AA1015 /* LaunchScreen.storyboard in Resources */ = {isa = PBXBuildFile; fileRef = 6D83CB422936201200AA1015 /* LaunchScreen.storyboard */; };
		6DE303242936498200E8A60A /* AudioToolbox.framework in Frameworks */ = {isa = PBXBuildFile; fileRef = 6DE303232936498200E8A60A /* AudioToolbox.framework */; };
		6DE303262936498700E8A60A /* AVFoundation.framework in Frameworks */ = {isa = PBXBuildFile; fileRef = 6DE303252936498700E8A60A /* AVFoundation.framework */; };
		6DE303282936498E00E8A60A /* CoreGraphics.framework in Frameworks */ = {isa = PBXBuildFile; fileRef = 6DE303272936498E00E8A60A /* CoreGraphics.framework */; };
		6DE3032A2936499500E8A60A /* CoreMedia.framework in Frameworks */ = {isa = PBXBuildFile; fileRef = 6DE303292936499500E8A60A /* CoreMedia.framework */; };
		6DE3032C2936499B00E8A60A /* CoreVideo.framework in Frameworks */ = {isa = PBXBuildFile; fileRef = 6DE3032B2936499B00E8A60A /* CoreVideo.framework */; };
		6DE3032E293649A900E8A60A /* libbz2.tbd in Frameworks */ = {isa = PBXBuildFile; fileRef = 6DE3032D293649A900E8A60A /* libbz2.tbd */; };
		6DE30330293649B100E8A60A /* libz.tbd in Frameworks */ = {isa = PBXBuildFile; fileRef = 6DE3032F293649B100E8A60A /* libz.tbd */; };
		6DE30332293649B800E8A60A /* MediaPlayer.framework in Frameworks */ = {isa = PBXBuildFile; fileRef = 6DE30331293649B800E8A60A /* MediaPlayer.framework */; };
		6DE30334293649C100E8A60A /* MobileCoreServices.framework in Frameworks */ = {isa = PBXBuildFile; fileRef = 6DE30333293649C100E8A60A /* MobileCoreServices.framework */; };
		6DE30336293649C800E8A60A /* OpenGLES.framework in Frameworks */ = {isa = PBXBuildFile; fileRef = 6DE30335293649C800E8A60A /* OpenGLES.framework */; };
		6DE30338293649D300E8A60A /* QuartzCore.framework in Frameworks */ = {isa = PBXBuildFile; fileRef = 6DE30337293649D300E8A60A /* QuartzCore.framework */; };
		6DE3033A293649D800E8A60A /* UIKit.framework in Frameworks */ = {isa = PBXBuildFile; fileRef = 6DE30339293649D800E8A60A /* UIKit.framework */; };
		6DE3033C293649E100E8A60A /* VideoToolbox.framework in Frameworks */ = {isa = PBXBuildFile; fileRef = 6DE3033B293649E100E8A60A /* VideoToolbox.framework */; };
		6DE3033E29364EE900E8A60A /* libc++.1.tbd in Frameworks */ = {isa = PBXBuildFile; fileRef = 6DE3033D29364EE900E8A60A /* libc++.1.tbd */; };
		6DE30350293718E600E8A60A /* PlayerListViewController.swift in Sources */ = {isa = PBXBuildFile; fileRef = 6DE3034F293718E600E8A60A /* PlayerListViewController.swift */; };
		6DE3035229371BF700E8A60A /* PlayerAdapter.swift in Sources */ = {isa = PBXBuildFile; fileRef = 6DE3035129371BF700E8A60A /* PlayerAdapter.swift */; };
		6DE3035429371C0400E8A60A /* PlayerAdaptee.swift in Sources */ = {isa = PBXBuildFile; fileRef = 6DE3035329371C0400E8A60A /* PlayerAdaptee.swift */; };
		6DE3035629371C4300E8A60A /* VLCPlayerAdaptee.swift in Sources */ = {isa = PBXBuildFile; fileRef = 6DE3035529371C4300E8A60A /* VLCPlayerAdaptee.swift */; };
		6DE3035829371C5200E8A60A /* AVKitPlayerAdaptee.swift in Sources */ = {isa = PBXBuildFile; fileRef = 6DE3035729371C5200E8A60A /* AVKitPlayerAdaptee.swift */; };
		6DE30364293771C700E8A60A /* sample.mov in Resources */ = {isa = PBXBuildFile; fileRef = 6DE3035C293771C700E8A60A /* sample.mov */; };
		6DE30365293771C700E8A60A /* sample.mkv in Resources */ = {isa = PBXBuildFile; fileRef = 6DE3035D293771C700E8A60A /* sample.mkv */; };
		6DE30366293771C700E8A60A /* sample.rmvb in Resources */ = {isa = PBXBuildFile; fileRef = 6DE3035E293771C700E8A60A /* sample.rmvb */; };
		6DE30367293771C700E8A60A /* sample.webm in Resources */ = {isa = PBXBuildFile; fileRef = 6DE3035F293771C700E8A60A /* sample.webm */; };
		6DE30368293771C700E8A60A /* sample.mp4 in Resources */ = {isa = PBXBuildFile; fileRef = 6DE30360293771C700E8A60A /* sample.mp4 */; };
		6DE30369293771C700E8A60A /* sample.wmv in Resources */ = {isa = PBXBuildFile; fileRef = 6DE30361293771C700E8A60A /* sample.wmv */; };
		6DE3036A293771C700E8A60A /* sample.avi in Resources */ = {isa = PBXBuildFile; fileRef = 6DE30362293771C700E8A60A /* sample.avi */; };
		6DE3036B293771C700E8A60A /* sample.flv in Resources */ = {isa = PBXBuildFile; fileRef = 6DE30363293771C700E8A60A /* sample.flv */; };
		6DE303B8293A18DC00E8A60A /* IJKMediaFramework.framework in Frameworks */ = {isa = PBXBuildFile; fileRef = 6DE303B7293A18DC00E8A60A /* IJKMediaFramework.framework */; };
		6DE303B9293A190200E8A60A /* libc++.1.tbd in Frameworks */ = {isa = PBXBuildFile; fileRef = 6DE3033D29364EE900E8A60A /* libc++.1.tbd */; };
		6DE303BA293A190800E8A60A /* VideoToolbox.framework in Frameworks */ = {isa = PBXBuildFile; fileRef = 6DE3033B293649E100E8A60A /* VideoToolbox.framework */; };
		6DE303BB293A190D00E8A60A /* UIKit.framework in Frameworks */ = {isa = PBXBuildFile; fileRef = 6DE30339293649D800E8A60A /* UIKit.framework */; };
		6DE303BC293A191500E8A60A /* QuartzCore.framework in Frameworks */ = {isa = PBXBuildFile; fileRef = 6DE30337293649D300E8A60A /* QuartzCore.framework */; };
		6DE303BD293A191B00E8A60A /* OpenGLES.framework in Frameworks */ = {isa = PBXBuildFile; fileRef = 6DE30335293649C800E8A60A /* OpenGLES.framework */; };
		6DE303BE293A192600E8A60A /* MobileCoreServices.framework in Frameworks */ = {isa = PBXBuildFile; fileRef = 6DE30333293649C100E8A60A /* MobileCoreServices.framework */; };
		6DE303BF293A192D00E8A60A /* MediaPlayer.framework in Frameworks */ = {isa = PBXBuildFile; fileRef = 6DE30331293649B800E8A60A /* MediaPlayer.framework */; };
		6DE303C0293A193800E8A60A /* libz.tbd in Frameworks */ = {isa = PBXBuildFile; fileRef = 6DE3032F293649B100E8A60A /* libz.tbd */; };
		6DE303C1293A194F00E8A60A /* libbz2.tbd in Frameworks */ = {isa = PBXBuildFile; fileRef = 6DE3032D293649A900E8A60A /* libbz2.tbd */; };
		6DE303C2293A195500E8A60A /* CoreVideo.framework in Frameworks */ = {isa = PBXBuildFile; fileRef = 6DE3032B2936499B00E8A60A /* CoreVideo.framework */; };
		6DE303C3293A195E00E8A60A /* CoreMedia.framework in Frameworks */ = {isa = PBXBuildFile; fileRef = 6DE303292936499500E8A60A /* CoreMedia.framework */; };
		6DE303C4293A196500E8A60A /* CoreGraphics.framework in Frameworks */ = {isa = PBXBuildFile; fileRef = 6DE303272936498E00E8A60A /* CoreGraphics.framework */; };
		6DE303C5293A196D00E8A60A /* AVFoundation.framework in Frameworks */ = {isa = PBXBuildFile; fileRef = 6DE303252936498700E8A60A /* AVFoundation.framework */; };
		6DE303C6293A197900E8A60A /* AudioToolbox.framework in Frameworks */ = {isa = PBXBuildFile; fileRef = 6DE303232936498200E8A60A /* AudioToolbox.framework */; };
		6DE303C7293A199700E8A60A /* sample.mov in Resources */ = {isa = PBXBuildFile; fileRef = 6DE3035C293771C700E8A60A /* sample.mov */; };
		6DE303C8293A199900E8A60A /* sample.mkv in Resources */ = {isa = PBXBuildFile; fileRef = 6DE3035D293771C700E8A60A /* sample.mkv */; };
		6DE303C9293A199B00E8A60A /* sample.rmvb in Resources */ = {isa = PBXBuildFile; fileRef = 6DE3035E293771C700E8A60A /* sample.rmvb */; };
		6DE303CA293A199D00E8A60A /* sample.webm in Resources */ = {isa = PBXBuildFile; fileRef = 6DE3035F293771C700E8A60A /* sample.webm */; };
		6DE303CB293A19A000E8A60A /* sample.mp4 in Resources */ = {isa = PBXBuildFile; fileRef = 6DE30360293771C700E8A60A /* sample.mp4 */; };
		6DE303CC293A19A200E8A60A /* sample.wmv in Resources */ = {isa = PBXBuildFile; fileRef = 6DE30361293771C700E8A60A /* sample.wmv */; };
		6DE303CD293A19A400E8A60A /* sample.avi in Resources */ = {isa = PBXBuildFile; fileRef = 6DE30362293771C700E8A60A /* sample.avi */; };
		6DE303CE293A19A600E8A60A /* sample.flv in Resources */ = {isa = PBXBuildFile; fileRef = 6DE30363293771C700E8A60A /* sample.flv */; };
		6DE303CF293A19D100E8A60A /* AppDelegate.swift in Sources */ = {isa = PBXBuildFile; fileRef = 6D83CB372936201000AA1015 /* AppDelegate.swift */; };
		6DE303D0293A19D300E8A60A /* SceneDelegate.swift in Sources */ = {isa = PBXBuildFile; fileRef = 6D83CB392936201000AA1015 /* SceneDelegate.swift */; };
		6DE303D1293A19D500E8A60A /* ViewController.swift in Sources */ = {isa = PBXBuildFile; fileRef = 6D83CB3B2936201000AA1015 /* ViewController.swift */; };
		6DE303D2293A19DA00E8A60A /* PlayerListViewController.swift in Sources */ = {isa = PBXBuildFile; fileRef = 6DE3034F293718E600E8A60A /* PlayerListViewController.swift */; };
		6DE303D3293A19DE00E8A60A /* Main.storyboard in Resources */ = {isa = PBXBuildFile; fileRef = 6D83CB3D2936201000AA1015 /* Main.storyboard */; };
		6DE303D4293A19E000E8A60A /* Assets.xcassets in Resources */ = {isa = PBXBuildFile; fileRef = 6D83CB402936201200AA1015 /* Assets.xcassets */; };
		6DE303D5293A19E300E8A60A /* LaunchScreen.storyboard in Resources */ = {isa = PBXBuildFile; fileRef = 6D83CB422936201200AA1015 /* LaunchScreen.storyboard */; };
		6DE303D6293A19E800E8A60A /* PlayerAdapter.swift in Sources */ = {isa = PBXBuildFile; fileRef = 6DE3035129371BF700E8A60A /* PlayerAdapter.swift */; };
		6DE303D9293A1A2500E8A60A /* IJKPlayerAdaptee.swift in Sources */ = {isa = PBXBuildFile; fileRef = 6DE303822938C2DA00E8A60A /* IJKPlayerAdaptee.swift */; };
		6DE303DA293A1A5A00E8A60A /* PlayerAdaptee.swift in Sources */ = {isa = PBXBuildFile; fileRef = 6DE3035329371C0400E8A60A /* PlayerAdaptee.swift */; };
		6DE303DC293A3B0100E8A60A /* networkSamples.plist in Resources */ = {isa = PBXBuildFile; fileRef = 6DE303DB293A3B0100E8A60A /* networkSamples.plist */; };
		6DE303DD293A3D0600E8A60A /* networkSamples.plist in Resources */ = {isa = PBXBuildFile; fileRef = 6DE303DB293A3B0100E8A60A /* networkSamples.plist */; };
/* End PBXBuildFile section */

/* Begin PBXFileReference section */
		14947C6882D1C322D3DFD89B /* Pods_VideoPlayerPractice.framework */ = {isa = PBXFileReference; explicitFileType = wrapper.framework; includeInIndex = 0; path = Pods_VideoPlayerPractice.framework; sourceTree = BUILT_PRODUCTS_DIR; };
		152D7B6888A7F0E64E17AD09 /* Pods-VideoPlayerPractice-VideoPlayerPracticeUITests.debug.xcconfig */ = {isa = PBXFileReference; includeInIndex = 1; lastKnownFileType = text.xcconfig; name = "Pods-VideoPlayerPractice-VideoPlayerPracticeUITests.debug.xcconfig"; path = "Target Support Files/Pods-VideoPlayerPractice-VideoPlayerPracticeUITests/Pods-VideoPlayerPractice-VideoPlayerPracticeUITests.debug.xcconfig"; sourceTree = "<group>"; };
		1A07443823FA007D3EDEC4EA /* Pods-VideoPlayerPractice.release.xcconfig */ = {isa = PBXFileReference; includeInIndex = 1; lastKnownFileType = text.xcconfig; name = "Pods-VideoPlayerPractice.release.xcconfig"; path = "Target Support Files/Pods-VideoPlayerPractice/Pods-VideoPlayerPractice.release.xcconfig"; sourceTree = "<group>"; };
		258910331DF0A1D5AC52BC14 /* Pods-VideoPlayerPractice-VideoPlayerPracticeUITests.release.xcconfig */ = {isa = PBXFileReference; includeInIndex = 1; lastKnownFileType = text.xcconfig; name = "Pods-VideoPlayerPractice-VideoPlayerPracticeUITests.release.xcconfig"; path = "Target Support Files/Pods-VideoPlayerPractice-VideoPlayerPracticeUITests/Pods-VideoPlayerPractice-VideoPlayerPracticeUITests.release.xcconfig"; sourceTree = "<group>"; };
		6BDF9C56FEB8DE531DA47006 /* Pods-VideoPlayerPracticeTests.release.xcconfig */ = {isa = PBXFileReference; includeInIndex = 1; lastKnownFileType = text.xcconfig; name = "Pods-VideoPlayerPracticeTests.release.xcconfig"; path = "Target Support Files/Pods-VideoPlayerPracticeTests/Pods-VideoPlayerPracticeTests.release.xcconfig"; sourceTree = "<group>"; };
		6D83CB342936201000AA1015 /* VideoPlayerDemo.app */ = {isa = PBXFileReference; explicitFileType = wrapper.application; includeInIndex = 0; path = VideoPlayerDemo.app; sourceTree = BUILT_PRODUCTS_DIR; };
		6D83CB372936201000AA1015 /* AppDelegate.swift */ = {isa = PBXFileReference; lastKnownFileType = sourcecode.swift; path = AppDelegate.swift; sourceTree = "<group>"; };
		6D83CB392936201000AA1015 /* SceneDelegate.swift */ = {isa = PBXFileReference; lastKnownFileType = sourcecode.swift; path = SceneDelegate.swift; sourceTree = "<group>"; };
		6D83CB3B2936201000AA1015 /* ViewController.swift */ = {isa = PBXFileReference; lastKnownFileType = sourcecode.swift; path = ViewController.swift; sourceTree = "<group>"; };
		6D83CB3E2936201000AA1015 /* Base */ = {isa = PBXFileReference; lastKnownFileType = file.storyboard; name = Base; path = Base.lproj/Main.storyboard; sourceTree = "<group>"; };
		6D83CB402936201200AA1015 /* Assets.xcassets */ = {isa = PBXFileReference; lastKnownFileType = folder.assetcatalog; path = Assets.xcassets; sourceTree = "<group>"; };
		6D83CB432936201200AA1015 /* Base */ = {isa = PBXFileReference; lastKnownFileType = file.storyboard; name = Base; path = Base.lproj/LaunchScreen.storyboard; sourceTree = "<group>"; };
		6D83CB452936201200AA1015 /* Info.plist */ = {isa = PBXFileReference; lastKnownFileType = text.plist.xml; path = Info.plist; sourceTree = "<group>"; };
		6DE303232936498200E8A60A /* AudioToolbox.framework */ = {isa = PBXFileReference; lastKnownFileType = wrapper.framework; name = AudioToolbox.framework; path = System/Library/Frameworks/AudioToolbox.framework; sourceTree = SDKROOT; };
		6DE303252936498700E8A60A /* AVFoundation.framework */ = {isa = PBXFileReference; lastKnownFileType = wrapper.framework; name = AVFoundation.framework; path = System/Library/Frameworks/AVFoundation.framework; sourceTree = SDKROOT; };
		6DE303272936498E00E8A60A /* CoreGraphics.framework */ = {isa = PBXFileReference; lastKnownFileType = wrapper.framework; name = CoreGraphics.framework; path = System/Library/Frameworks/CoreGraphics.framework; sourceTree = SDKROOT; };
		6DE303292936499500E8A60A /* CoreMedia.framework */ = {isa = PBXFileReference; lastKnownFileType = wrapper.framework; name = CoreMedia.framework; path = System/Library/Frameworks/CoreMedia.framework; sourceTree = SDKROOT; };
		6DE3032B2936499B00E8A60A /* CoreVideo.framework */ = {isa = PBXFileReference; lastKnownFileType = wrapper.framework; name = CoreVideo.framework; path = System/Library/Frameworks/CoreVideo.framework; sourceTree = SDKROOT; };
		6DE3032D293649A900E8A60A /* libbz2.tbd */ = {isa = PBXFileReference; lastKnownFileType = "sourcecode.text-based-dylib-definition"; name = libbz2.tbd; path = usr/lib/libbz2.tbd; sourceTree = SDKROOT; };
		6DE3032F293649B100E8A60A /* libz.tbd */ = {isa = PBXFileReference; lastKnownFileType = "sourcecode.text-based-dylib-definition"; name = libz.tbd; path = usr/lib/libz.tbd; sourceTree = SDKROOT; };
		6DE30331293649B800E8A60A /* MediaPlayer.framework */ = {isa = PBXFileReference; lastKnownFileType = wrapper.framework; name = MediaPlayer.framework; path = System/Library/Frameworks/MediaPlayer.framework; sourceTree = SDKROOT; };
		6DE30333293649C100E8A60A /* MobileCoreServices.framework */ = {isa = PBXFileReference; lastKnownFileType = wrapper.framework; name = MobileCoreServices.framework; path = System/Library/Frameworks/MobileCoreServices.framework; sourceTree = SDKROOT; };
		6DE30335293649C800E8A60A /* OpenGLES.framework */ = {isa = PBXFileReference; lastKnownFileType = wrapper.framework; name = OpenGLES.framework; path = System/Library/Frameworks/OpenGLES.framework; sourceTree = SDKROOT; };
		6DE30337293649D300E8A60A /* QuartzCore.framework */ = {isa = PBXFileReference; lastKnownFileType = wrapper.framework; name = QuartzCore.framework; path = System/Library/Frameworks/QuartzCore.framework; sourceTree = SDKROOT; };
		6DE30339293649D800E8A60A /* UIKit.framework */ = {isa = PBXFileReference; lastKnownFileType = wrapper.framework; name = UIKit.framework; path = System/Library/Frameworks/UIKit.framework; sourceTree = SDKROOT; };
		6DE3033B293649E100E8A60A /* VideoToolbox.framework */ = {isa = PBXFileReference; lastKnownFileType = wrapper.framework; name = VideoToolbox.framework; path = System/Library/Frameworks/VideoToolbox.framework; sourceTree = SDKROOT; };
		6DE3033D29364EE900E8A60A /* libc++.1.tbd */ = {isa = PBXFileReference; lastKnownFileType = "sourcecode.text-based-dylib-definition"; name = "libc++.1.tbd"; path = "usr/lib/libc++.1.tbd"; sourceTree = SDKROOT; };
		6DE3034F293718E600E8A60A /* PlayerListViewController.swift */ = {isa = PBXFileReference; lastKnownFileType = sourcecode.swift; path = PlayerListViewController.swift; sourceTree = "<group>"; };
		6DE3035129371BF700E8A60A /* PlayerAdapter.swift */ = {isa = PBXFileReference; lastKnownFileType = sourcecode.swift; path = PlayerAdapter.swift; sourceTree = "<group>"; };
		6DE3035329371C0400E8A60A /* PlayerAdaptee.swift */ = {isa = PBXFileReference; lastKnownFileType = sourcecode.swift; path = PlayerAdaptee.swift; sourceTree = "<group>"; };
		6DE3035529371C4300E8A60A /* VLCPlayerAdaptee.swift */ = {isa = PBXFileReference; lastKnownFileType = sourcecode.swift; path = VLCPlayerAdaptee.swift; sourceTree = "<group>"; };
		6DE3035729371C5200E8A60A /* AVKitPlayerAdaptee.swift */ = {isa = PBXFileReference; lastKnownFileType = sourcecode.swift; path = AVKitPlayerAdaptee.swift; sourceTree = "<group>"; };
		6DE3035C293771C700E8A60A /* sample.mov */ = {isa = PBXFileReference; lastKnownFileType = video.quicktime; path = sample.mov; sourceTree = "<group>"; };
		6DE3035D293771C700E8A60A /* sample.mkv */ = {isa = PBXFileReference; lastKnownFileType = file; path = sample.mkv; sourceTree = "<group>"; };
		6DE3035E293771C700E8A60A /* sample.rmvb */ = {isa = PBXFileReference; lastKnownFileType = file; path = sample.rmvb; sourceTree = "<group>"; };
		6DE3035F293771C700E8A60A /* sample.webm */ = {isa = PBXFileReference; lastKnownFileType = file; path = sample.webm; sourceTree = "<group>"; };
		6DE30360293771C700E8A60A /* sample.mp4 */ = {isa = PBXFileReference; lastKnownFileType = file; path = sample.mp4; sourceTree = "<group>"; };
		6DE30361293771C700E8A60A /* sample.wmv */ = {isa = PBXFileReference; lastKnownFileType = file; path = sample.wmv; sourceTree = "<group>"; };
		6DE30362293771C700E8A60A /* sample.avi */ = {isa = PBXFileReference; lastKnownFileType = video.avi; path = sample.avi; sourceTree = "<group>"; };
		6DE30363293771C700E8A60A /* sample.flv */ = {isa = PBXFileReference; lastKnownFileType = file; path = sample.flv; sourceTree = "<group>"; };
		6DE303822938C2DA00E8A60A /* IJKPlayerAdaptee.swift */ = {isa = PBXFileReference; lastKnownFileType = sourcecode.swift; path = IJKPlayerAdaptee.swift; sourceTree = "<group>"; };
		6DE30397293A182100E8A60A /* IJKPlayerDemo.app */ = {isa = PBXFileReference; explicitFileType = wrapper.application; includeInIndex = 0; path = IJKPlayerDemo.app; sourceTree = BUILT_PRODUCTS_DIR; };
		6DE303A7293A182200E8A60A /* Info.plist */ = {isa = PBXFileReference; lastKnownFileType = text.plist.xml; path = Info.plist; sourceTree = "<group>"; };
		6DE303B7293A18DC00E8A60A /* IJKMediaFramework.framework */ = {isa = PBXFileReference; lastKnownFileType = wrapper.framework; path = IJKMediaFramework.framework; sourceTree = "<group>"; };
		6DE303DB293A3B0100E8A60A /* networkSamples.plist */ = {isa = PBXFileReference; lastKnownFileType = text.plist.xml; path = networkSamples.plist; sourceTree = "<group>"; };
		71AAC616914B295B36A46FA6 /* Pods_VideoPlayerPractice_VideoPlayerPracticeUITests.framework */ = {isa = PBXFileReference; explicitFileType = wrapper.framework; includeInIndex = 0; path = Pods_VideoPlayerPractice_VideoPlayerPracticeUITests.framework; sourceTree = BUILT_PRODUCTS_DIR; };
		B496DDB574805FD3A5A2607D /* Pods_VideoPlayerPracticeTests.framework */ = {isa = PBXFileReference; explicitFileType = wrapper.framework; includeInIndex = 0; path = Pods_VideoPlayerPracticeTests.framework; sourceTree = BUILT_PRODUCTS_DIR; };
		BE169BD24A8053F3ACA86B76 /* Pods-VideoPlayerPracticeTests.debug.xcconfig */ = {isa = PBXFileReference; includeInIndex = 1; lastKnownFileType = text.xcconfig; name = "Pods-VideoPlayerPracticeTests.debug.xcconfig"; path = "Target Support Files/Pods-VideoPlayerPracticeTests/Pods-VideoPlayerPracticeTests.debug.xcconfig"; sourceTree = "<group>"; };
		F5C9EA11CC11CF080358696F /* Pods-VideoPlayerPractice.debug.xcconfig */ = {isa = PBXFileReference; includeInIndex = 1; lastKnownFileType = text.xcconfig; name = "Pods-VideoPlayerPractice.debug.xcconfig"; path = "Target Support Files/Pods-VideoPlayerPractice/Pods-VideoPlayerPractice.debug.xcconfig"; sourceTree = "<group>"; };
/* End PBXFileReference section */

/* Begin PBXFrameworksBuildPhase section */
		6D83CB312936201000AA1015 /* Frameworks */ = {
			isa = PBXFrameworksBuildPhase;
			buildActionMask = 2147483647;
			files = (
				6DE3033E29364EE900E8A60A /* libc++.1.tbd in Frameworks */,
				6DE3033C293649E100E8A60A /* VideoToolbox.framework in Frameworks */,
				6DE3033A293649D800E8A60A /* UIKit.framework in Frameworks */,
				6DE30338293649D300E8A60A /* QuartzCore.framework in Frameworks */,
				6DE30336293649C800E8A60A /* OpenGLES.framework in Frameworks */,
				6DE30334293649C100E8A60A /* MobileCoreServices.framework in Frameworks */,
				6DE30332293649B800E8A60A /* MediaPlayer.framework in Frameworks */,
				6DE30330293649B100E8A60A /* libz.tbd in Frameworks */,
				6DE3032E293649A900E8A60A /* libbz2.tbd in Frameworks */,
				6DE3032C2936499B00E8A60A /* CoreVideo.framework in Frameworks */,
				6DE3032A2936499500E8A60A /* CoreMedia.framework in Frameworks */,
				6DE303282936498E00E8A60A /* CoreGraphics.framework in Frameworks */,
				6DE303262936498700E8A60A /* AVFoundation.framework in Frameworks */,
				6DE303242936498200E8A60A /* AudioToolbox.framework in Frameworks */,
				57C5E0755635A5FAD717E194 /* Pods_VideoPlayerPractice.framework in Frameworks */,
			);
			runOnlyForDeploymentPostprocessing = 0;
		};
		6DE30394293A182100E8A60A /* Frameworks */ = {
			isa = PBXFrameworksBuildPhase;
			buildActionMask = 2147483647;
			files = (
				6DE303C6293A197900E8A60A /* AudioToolbox.framework in Frameworks */,
				6DE303C5293A196D00E8A60A /* AVFoundation.framework in Frameworks */,
				6DE303C4293A196500E8A60A /* CoreGraphics.framework in Frameworks */,
				6DE303C3293A195E00E8A60A /* CoreMedia.framework in Frameworks */,
				6DE303C2293A195500E8A60A /* CoreVideo.framework in Frameworks */,
				6DE303C1293A194F00E8A60A /* libbz2.tbd in Frameworks */,
				6DE303C0293A193800E8A60A /* libz.tbd in Frameworks */,
				6DE303BF293A192D00E8A60A /* MediaPlayer.framework in Frameworks */,
				6DE303BE293A192600E8A60A /* MobileCoreServices.framework in Frameworks */,
				6DE303BD293A191B00E8A60A /* OpenGLES.framework in Frameworks */,
				6DE303BC293A191500E8A60A /* QuartzCore.framework in Frameworks */,
				6DE303BB293A190D00E8A60A /* UIKit.framework in Frameworks */,
				6DE303BA293A190800E8A60A /* VideoToolbox.framework in Frameworks */,
				6DE303B9293A190200E8A60A /* libc++.1.tbd in Frameworks */,
				6DE303B8293A18DC00E8A60A /* IJKMediaFramework.framework in Frameworks */,
			);
			runOnlyForDeploymentPostprocessing = 0;
		};
/* End PBXFrameworksBuildPhase section */

/* Begin PBXGroup section */
		4017B3EC72F104E865FC9102 /* Pods */ = {
			isa = PBXGroup;
			children = (
				F5C9EA11CC11CF080358696F /* Pods-VideoPlayerPractice.debug.xcconfig */,
				1A07443823FA007D3EDEC4EA /* Pods-VideoPlayerPractice.release.xcconfig */,
				152D7B6888A7F0E64E17AD09 /* Pods-VideoPlayerPractice-VideoPlayerPracticeUITests.debug.xcconfig */,
				258910331DF0A1D5AC52BC14 /* Pods-VideoPlayerPractice-VideoPlayerPracticeUITests.release.xcconfig */,
				BE169BD24A8053F3ACA86B76 /* Pods-VideoPlayerPracticeTests.debug.xcconfig */,
				6BDF9C56FEB8DE531DA47006 /* Pods-VideoPlayerPracticeTests.release.xcconfig */,
			);
			path = Pods;
			sourceTree = "<group>";
		};
		6D83CB2B2936201000AA1015 = {
			isa = PBXGroup;
			children = (
				6D83CB362936201000AA1015 /* VideoPlayerDemo */,
				6DE30398293A182100E8A60A /* IJKPlayerDemo */,
				6D83CB352936201000AA1015 /* Products */,
				6DE303212936497500E8A60A /* Frameworks */,
				4017B3EC72F104E865FC9102 /* Pods */,
			);
			sourceTree = "<group>";
		};
		6D83CB352936201000AA1015 /* Products */ = {
			isa = PBXGroup;
			children = (
				6D83CB342936201000AA1015 /* VideoPlayerDemo.app */,
				6DE30397293A182100E8A60A /* IJKPlayerDemo.app */,
			);
			name = Products;
			sourceTree = "<group>";
		};
		6D83CB362936201000AA1015 /* VideoPlayerDemo */ = {
			isa = PBXGroup;
			children = (
				6DE3035B293771C700E8A60A /* VideoSamples */,
				6D83CB372936201000AA1015 /* AppDelegate.swift */,
				6D83CB392936201000AA1015 /* SceneDelegate.swift */,
				6D83CB3B2936201000AA1015 /* ViewController.swift */,
				6DE3034F293718E600E8A60A /* PlayerListViewController.swift */,
				6D83CB3D2936201000AA1015 /* Main.storyboard */,
				6D83CB402936201200AA1015 /* Assets.xcassets */,
				6D83CB422936201200AA1015 /* LaunchScreen.storyboard */,
				6D83CB452936201200AA1015 /* Info.plist */,
				6DE3035129371BF700E8A60A /* PlayerAdapter.swift */,
				6DE3035329371C0400E8A60A /* PlayerAdaptee.swift */,
				6DE3035529371C4300E8A60A /* VLCPlayerAdaptee.swift */,
				6DE3035729371C5200E8A60A /* AVKitPlayerAdaptee.swift */,
			);
			path = VideoPlayerDemo;
			sourceTree = "<group>";
		};
		6DE303212936497500E8A60A /* Frameworks */ = {
			isa = PBXGroup;
			children = (
				6DE3033D29364EE900E8A60A /* libc++.1.tbd */,
				6DE3033B293649E100E8A60A /* VideoToolbox.framework */,
				6DE30339293649D800E8A60A /* UIKit.framework */,
				6DE30337293649D300E8A60A /* QuartzCore.framework */,
				6DE30335293649C800E8A60A /* OpenGLES.framework */,
				6DE30333293649C100E8A60A /* MobileCoreServices.framework */,
				6DE30331293649B800E8A60A /* MediaPlayer.framework */,
				6DE3032F293649B100E8A60A /* libz.tbd */,
				6DE3032D293649A900E8A60A /* libbz2.tbd */,
				6DE3032B2936499B00E8A60A /* CoreVideo.framework */,
				6DE303292936499500E8A60A /* CoreMedia.framework */,
				6DE303272936498E00E8A60A /* CoreGraphics.framework */,
				6DE303252936498700E8A60A /* AVFoundation.framework */,
				6DE303232936498200E8A60A /* AudioToolbox.framework */,
				14947C6882D1C322D3DFD89B /* Pods_VideoPlayerPractice.framework */,
				71AAC616914B295B36A46FA6 /* Pods_VideoPlayerPractice_VideoPlayerPracticeUITests.framework */,
				B496DDB574805FD3A5A2607D /* Pods_VideoPlayerPracticeTests.framework */,
			);
			name = Frameworks;
			sourceTree = "<group>";
		};
		6DE3035B293771C700E8A60A /* VideoSamples */ = {
			isa = PBXGroup;
			children = (
				6DE3035C293771C700E8A60A /* sample.mov */,
				6DE3035D293771C700E8A60A /* sample.mkv */,
				6DE3035E293771C700E8A60A /* sample.rmvb */,
				6DE3035F293771C700E8A60A /* sample.webm */,
				6DE30360293771C700E8A60A /* sample.mp4 */,
				6DE30361293771C700E8A60A /* sample.wmv */,
				6DE30362293771C700E8A60A /* sample.avi */,
				6DE30363293771C700E8A60A /* sample.flv */,
				6DE303DB293A3B0100E8A60A /* networkSamples.plist */,
			);
			path = VideoSamples;
			sourceTree = "<group>";
		};
		6DE30398293A182100E8A60A /* IJKPlayerDemo */ = {
			isa = PBXGroup;
			children = (
				6DE303822938C2DA00E8A60A /* IJKPlayerAdaptee.swift */,
				6DE303B7293A18DC00E8A60A /* IJKMediaFramework.framework */,
				6DE303A7293A182200E8A60A /* Info.plist */,
			);
			path = IJKPlayerDemo;
			sourceTree = "<group>";
		};
/* End PBXGroup section */

/* Begin PBXNativeTarget section */
		6D83CB332936201000AA1015 /* VideoPlayerDemo */ = {
			isa = PBXNativeTarget;
			buildConfigurationList = 6D83CB5E2936201200AA1015 /* Build configuration list for PBXNativeTarget "VideoPlayerDemo" */;
			buildPhases = (
				76E4235B8E5B9CF2B8DB1A00 /* [CP] Check Pods Manifest.lock */,
				6D83CB302936201000AA1015 /* Sources */,
				6D83CB312936201000AA1015 /* Frameworks */,
				6D83CB322936201000AA1015 /* Resources */,
				762982D05B26E5F925D72994 /* [CP] Embed Pods Frameworks */,
			);
			buildRules = (
			);
			dependencies = (
			);
			name = VideoPlayerDemo;
			productName = VideoPlayerPractice;
			productReference = 6D83CB342936201000AA1015 /* VideoPlayerDemo.app */;
			productType = "com.apple.product-type.application";
		};
		6DE30396293A182100E8A60A /* IJKPlayerDemo */ = {
			isa = PBXNativeTarget;
			buildConfigurationList = 6DE303A8293A182200E8A60A /* Build configuration list for PBXNativeTarget "IJKPlayerDemo" */;
			buildPhases = (
				6DE30393293A182100E8A60A /* Sources */,
				6DE30394293A182100E8A60A /* Frameworks */,
				6DE30395293A182100E8A60A /* Resources */,
			);
			buildRules = (
			);
			dependencies = (
			);
			name = IJKPlayerDemo;
			productName = IJKPlayerDemo;
			productReference = 6DE30397293A182100E8A60A /* IJKPlayerDemo.app */;
			productType = "com.apple.product-type.application";
		};
/* End PBXNativeTarget section */

/* Begin PBXProject section */
		6D83CB2C2936201000AA1015 /* Project object */ = {
			isa = PBXProject;
			attributes = {
				BuildIndependentTargetsInParallel = 1;
				LastSwiftUpdateCheck = 1400;
				LastUpgradeCheck = 1400;
				TargetAttributes = {
					6D83CB332936201000AA1015 = {
						CreatedOnToolsVersion = 14.0.1;
					};
					6DE30396293A182100E8A60A = {
						CreatedOnToolsVersion = 14.0.1;
					};
				};
			};
			buildConfigurationList = 6D83CB2F2936201000AA1015 /* Build configuration list for PBXProject "VideoPlayerDemo" */;
			compatibilityVersion = "Xcode 14.0";
			developmentRegion = en;
			hasScannedForEncodings = 0;
			knownRegions = (
				en,
				Base,
			);
			mainGroup = 6D83CB2B2936201000AA1015;
			productRefGroup = 6D83CB352936201000AA1015 /* Products */;
			projectDirPath = "";
			projectRoot = "";
			targets = (
				6D83CB332936201000AA1015 /* VideoPlayerDemo */,
				6DE30396293A182100E8A60A /* IJKPlayerDemo */,
			);
		};
/* End PBXProject section */

/* Begin PBXResourcesBuildPhase section */
		6D83CB322936201000AA1015 /* Resources */ = {
			isa = PBXResourcesBuildPhase;
			buildActionMask = 2147483647;
			files = (
				6DE30367293771C700E8A60A /* sample.webm in Resources */,
				6DE30364293771C700E8A60A /* sample.mov in Resources */,
				6D83CB442936201200AA1015 /* LaunchScreen.storyboard in Resources */,
				6DE3036B293771C700E8A60A /* sample.flv in Resources */,
				6DE30368293771C700E8A60A /* sample.mp4 in Resources */,
				6DE303DC293A3B0100E8A60A /* networkSamples.plist in Resources */,
				6DE3036A293771C700E8A60A /* sample.avi in Resources */,
				6DE30366293771C700E8A60A /* sample.rmvb in Resources */,
				6D83CB412936201200AA1015 /* Assets.xcassets in Resources */,
				6DE30369293771C700E8A60A /* sample.wmv in Resources */,
				6D83CB3F2936201000AA1015 /* Main.storyboard in Resources */,
				6DE30365293771C700E8A60A /* sample.mkv in Resources */,
			);
			runOnlyForDeploymentPostprocessing = 0;
		};
		6DE30395293A182100E8A60A /* Resources */ = {
			isa = PBXResourcesBuildPhase;
			buildActionMask = 2147483647;
			files = (
				6DE303CA293A199D00E8A60A /* sample.webm in Resources */,
				6DE303C7293A199700E8A60A /* sample.mov in Resources */,
				6DE303CE293A19A600E8A60A /* sample.flv in Resources */,
				6DE303CB293A19A000E8A60A /* sample.mp4 in Resources */,
				6DE303D4293A19E000E8A60A /* Assets.xcassets in Resources */,
				6DE303DD293A3D0600E8A60A /* networkSamples.plist in Resources */,
				6DE303CD293A19A400E8A60A /* sample.avi in Resources */,
				6DE303C9293A199B00E8A60A /* sample.rmvb in Resources */,
				6DE303D3293A19DE00E8A60A /* Main.storyboard in Resources */,
				6DE303CC293A19A200E8A60A /* sample.wmv in Resources */,
				6DE303D5293A19E300E8A60A /* LaunchScreen.storyboard in Resources */,
				6DE303C8293A199900E8A60A /* sample.mkv in Resources */,
			);
			runOnlyForDeploymentPostprocessing = 0;
		};
/* End PBXResourcesBuildPhase section */

/* Begin PBXShellScriptBuildPhase section */
		762982D05B26E5F925D72994 /* [CP] Embed Pods Frameworks */ = {
			isa = PBXShellScriptBuildPhase;
			buildActionMask = 2147483647;
			files = (
			);
			inputFileListPaths = (
				"${PODS_ROOT}/Target Support Files/Pods-VideoPlayerPractice/Pods-VideoPlayerPractice-frameworks-${CONFIGURATION}-input-files.xcfilelist",
			);
			name = "[CP] Embed Pods Frameworks";
			outputFileListPaths = (
				"${PODS_ROOT}/Target Support Files/Pods-VideoPlayerPractice/Pods-VideoPlayerPractice-frameworks-${CONFIGURATION}-output-files.xcfilelist",
			);
			runOnlyForDeploymentPostprocessing = 0;
			shellPath = /bin/sh;
			shellScript = "\"${PODS_ROOT}/Target Support Files/Pods-VideoPlayerPractice/Pods-VideoPlayerPractice-frameworks.sh\"\n";
			showEnvVarsInLog = 0;
		};
		76E4235B8E5B9CF2B8DB1A00 /* [CP] Check Pods Manifest.lock */ = {
			isa = PBXShellScriptBuildPhase;
			buildActionMask = 2147483647;
			files = (
			);
			inputFileListPaths = (
			);
			inputPaths = (
				"${PODS_PODFILE_DIR_PATH}/Podfile.lock",
				"${PODS_ROOT}/Manifest.lock",
			);
			name = "[CP] Check Pods Manifest.lock";
			outputFileListPaths = (
			);
			outputPaths = (
				"$(DERIVED_FILE_DIR)/Pods-VideoPlayerPractice-checkManifestLockResult.txt",
			);
			runOnlyForDeploymentPostprocessing = 0;
			shellPath = /bin/sh;
			shellScript = "diff \"${PODS_PODFILE_DIR_PATH}/Podfile.lock\" \"${PODS_ROOT}/Manifest.lock\" > /dev/null\nif [ $? != 0 ] ; then\n    # print error to STDERR\n    echo \"error: The sandbox is not in sync with the Podfile.lock. Run 'pod install' or update your CocoaPods installation.\" >&2\n    exit 1\nfi\n# This output is used by Xcode 'outputs' to avoid re-running this script phase.\necho \"SUCCESS\" > \"${SCRIPT_OUTPUT_FILE_0}\"\n";
			showEnvVarsInLog = 0;
		};
/* End PBXShellScriptBuildPhase section */

/* Begin PBXSourcesBuildPhase section */
		6D83CB302936201000AA1015 /* Sources */ = {
			isa = PBXSourcesBuildPhase;
			buildActionMask = 2147483647;
			files = (
				6D83CB3C2936201000AA1015 /* ViewController.swift in Sources */,
				6DE30350293718E600E8A60A /* PlayerListViewController.swift in Sources */,
				6D83CB382936201000AA1015 /* AppDelegate.swift in Sources */,
				6DE3035829371C5200E8A60A /* AVKitPlayerAdaptee.swift in Sources */,
				6DE3035429371C0400E8A60A /* PlayerAdaptee.swift in Sources */,
				6DE3035629371C4300E8A60A /* VLCPlayerAdaptee.swift in Sources */,
				6D83CB3A2936201000AA1015 /* SceneDelegate.swift in Sources */,
				6DE3035229371BF700E8A60A /* PlayerAdapter.swift in Sources */,
			);
			runOnlyForDeploymentPostprocessing = 0;
		};
		6DE30393293A182100E8A60A /* Sources */ = {
			isa = PBXSourcesBuildPhase;
			buildActionMask = 2147483647;
			files = (
				6DE303D1293A19D500E8A60A /* ViewController.swift in Sources */,
				6DE303DA293A1A5A00E8A60A /* PlayerAdaptee.swift in Sources */,
				6DE303D2293A19DA00E8A60A /* PlayerListViewController.swift in Sources */,
				6DE303CF293A19D100E8A60A /* AppDelegate.swift in Sources */,
				6DE303D0293A19D300E8A60A /* SceneDelegate.swift in Sources */,
				6DE303D9293A1A2500E8A60A /* IJKPlayerAdaptee.swift in Sources */,
				6DE303D6293A19E800E8A60A /* PlayerAdapter.swift in Sources */,
			);
			runOnlyForDeploymentPostprocessing = 0;
		};
/* End PBXSourcesBuildPhase section */

/* Begin PBXVariantGroup section */
		6D83CB3D2936201000AA1015 /* Main.storyboard */ = {
			isa = PBXVariantGroup;
			children = (
				6D83CB3E2936201000AA1015 /* Base */,
			);
			name = Main.storyboard;
			sourceTree = "<group>";
		};
		6D83CB422936201200AA1015 /* LaunchScreen.storyboard */ = {
			isa = PBXVariantGroup;
			children = (
				6D83CB432936201200AA1015 /* Base */,
			);
			name = LaunchScreen.storyboard;
			sourceTree = "<group>";
		};
/* End PBXVariantGroup section */

/* Begin XCBuildConfiguration section */
		6D83CB5C2936201200AA1015 /* Debug */ = {
			isa = XCBuildConfiguration;
			buildSettings = {
				ALWAYS_SEARCH_USER_PATHS = NO;
				CLANG_ANALYZER_NONNULL = YES;
				CLANG_ANALYZER_NUMBER_OBJECT_CONVERSION = YES_AGGRESSIVE;
				CLANG_CXX_LANGUAGE_STANDARD = "gnu++20";
				CLANG_ENABLE_MODULES = YES;
				CLANG_ENABLE_OBJC_ARC = YES;
				CLANG_ENABLE_OBJC_WEAK = YES;
				CLANG_WARN_BLOCK_CAPTURE_AUTORELEASING = YES;
				CLANG_WARN_BOOL_CONVERSION = YES;
				CLANG_WARN_COMMA = YES;
				CLANG_WARN_CONSTANT_CONVERSION = YES;
				CLANG_WARN_DEPRECATED_OBJC_IMPLEMENTATIONS = YES;
				CLANG_WARN_DIRECT_OBJC_ISA_USAGE = YES_ERROR;
				CLANG_WARN_DOCUMENTATION_COMMENTS = YES;
				CLANG_WARN_EMPTY_BODY = YES;
				CLANG_WARN_ENUM_CONVERSION = YES;
				CLANG_WARN_INFINITE_RECURSION = YES;
				CLANG_WARN_INT_CONVERSION = YES;
				CLANG_WARN_NON_LITERAL_NULL_CONVERSION = YES;
				CLANG_WARN_OBJC_IMPLICIT_RETAIN_SELF = YES;
				CLANG_WARN_OBJC_LITERAL_CONVERSION = YES;
				CLANG_WARN_OBJC_ROOT_CLASS = YES_ERROR;
				CLANG_WARN_QUOTED_INCLUDE_IN_FRAMEWORK_HEADER = YES;
				CLANG_WARN_RANGE_LOOP_ANALYSIS = YES;
				CLANG_WARN_STRICT_PROTOTYPES = YES;
				CLANG_WARN_SUSPICIOUS_MOVE = YES;
				CLANG_WARN_UNGUARDED_AVAILABILITY = YES_AGGRESSIVE;
				CLANG_WARN_UNREACHABLE_CODE = YES;
				CLANG_WARN__DUPLICATE_METHOD_MATCH = YES;
				COPY_PHASE_STRIP = NO;
				DEBUG_INFORMATION_FORMAT = dwarf;
				ENABLE_STRICT_OBJC_MSGSEND = YES;
				ENABLE_TESTABILITY = YES;
				GCC_C_LANGUAGE_STANDARD = gnu11;
				GCC_DYNAMIC_NO_PIC = NO;
				GCC_NO_COMMON_BLOCKS = YES;
				GCC_OPTIMIZATION_LEVEL = 0;
				GCC_PREPROCESSOR_DEFINITIONS = (
					"DEBUG=1",
					"$(inherited)",
				);
				GCC_WARN_64_TO_32_BIT_CONVERSION = YES;
				GCC_WARN_ABOUT_RETURN_TYPE = YES_ERROR;
				GCC_WARN_UNDECLARED_SELECTOR = YES;
				GCC_WARN_UNINITIALIZED_AUTOS = YES_AGGRESSIVE;
				GCC_WARN_UNUSED_FUNCTION = YES;
				GCC_WARN_UNUSED_VARIABLE = YES;
				IPHONEOS_DEPLOYMENT_TARGET = 16.0;
				MTL_ENABLE_DEBUG_INFO = INCLUDE_SOURCE;
				MTL_FAST_MATH = YES;
				ONLY_ACTIVE_ARCH = YES;
				SDKROOT = iphoneos;
				SWIFT_ACTIVE_COMPILATION_CONDITIONS = DEBUG;
				SWIFT_OPTIMIZATION_LEVEL = "-Onone";
			};
			name = Debug;
		};
		6D83CB5D2936201200AA1015 /* Release */ = {
			isa = XCBuildConfiguration;
			buildSettings = {
				ALWAYS_SEARCH_USER_PATHS = NO;
				CLANG_ANALYZER_NONNULL = YES;
				CLANG_ANALYZER_NUMBER_OBJECT_CONVERSION = YES_AGGRESSIVE;
				CLANG_CXX_LANGUAGE_STANDARD = "gnu++20";
				CLANG_ENABLE_MODULES = YES;
				CLANG_ENABLE_OBJC_ARC = YES;
				CLANG_ENABLE_OBJC_WEAK = YES;
				CLANG_WARN_BLOCK_CAPTURE_AUTORELEASING = YES;
				CLANG_WARN_BOOL_CONVERSION = YES;
				CLANG_WARN_COMMA = YES;
				CLANG_WARN_CONSTANT_CONVERSION = YES;
				CLANG_WARN_DEPRECATED_OBJC_IMPLEMENTATIONS = YES;
				CLANG_WARN_DIRECT_OBJC_ISA_USAGE = YES_ERROR;
				CLANG_WARN_DOCUMENTATION_COMMENTS = YES;
				CLANG_WARN_EMPTY_BODY = YES;
				CLANG_WARN_ENUM_CONVERSION = YES;
				CLANG_WARN_INFINITE_RECURSION = YES;
				CLANG_WARN_INT_CONVERSION = YES;
				CLANG_WARN_NON_LITERAL_NULL_CONVERSION = YES;
				CLANG_WARN_OBJC_IMPLICIT_RETAIN_SELF = YES;
				CLANG_WARN_OBJC_LITERAL_CONVERSION = YES;
				CLANG_WARN_OBJC_ROOT_CLASS = YES_ERROR;
				CLANG_WARN_QUOTED_INCLUDE_IN_FRAMEWORK_HEADER = YES;
				CLANG_WARN_RANGE_LOOP_ANALYSIS = YES;
				CLANG_WARN_STRICT_PROTOTYPES = YES;
				CLANG_WARN_SUSPICIOUS_MOVE = YES;
				CLANG_WARN_UNGUARDED_AVAILABILITY = YES_AGGRESSIVE;
				CLANG_WARN_UNREACHABLE_CODE = YES;
				CLANG_WARN__DUPLICATE_METHOD_MATCH = YES;
				COPY_PHASE_STRIP = NO;
				DEBUG_INFORMATION_FORMAT = "dwarf-with-dsym";
				ENABLE_NS_ASSERTIONS = NO;
				ENABLE_STRICT_OBJC_MSGSEND = YES;
				GCC_C_LANGUAGE_STANDARD = gnu11;
				GCC_NO_COMMON_BLOCKS = YES;
				GCC_WARN_64_TO_32_BIT_CONVERSION = YES;
				GCC_WARN_ABOUT_RETURN_TYPE = YES_ERROR;
				GCC_WARN_UNDECLARED_SELECTOR = YES;
				GCC_WARN_UNINITIALIZED_AUTOS = YES_AGGRESSIVE;
				GCC_WARN_UNUSED_FUNCTION = YES;
				GCC_WARN_UNUSED_VARIABLE = YES;
				IPHONEOS_DEPLOYMENT_TARGET = 16.0;
				MTL_ENABLE_DEBUG_INFO = NO;
				MTL_FAST_MATH = YES;
				SDKROOT = iphoneos;
				SWIFT_COMPILATION_MODE = wholemodule;
				SWIFT_OPTIMIZATION_LEVEL = "-O";
				VALIDATE_PRODUCT = YES;
			};
			name = Release;
		};
		6D83CB5F2936201200AA1015 /* Debug */ = {
			isa = XCBuildConfiguration;
			baseConfigurationReference = F5C9EA11CC11CF080358696F /* Pods-VideoPlayerPractice.debug.xcconfig */;
			buildSettings = {
				ASSETCATALOG_COMPILER_APPICON_NAME = AppIcon;
				ASSETCATALOG_COMPILER_GLOBAL_ACCENT_COLOR_NAME = AccentColor;
				CODE_SIGN_STYLE = Automatic;
				CURRENT_PROJECT_VERSION = 1;
				FRAMEWORK_SEARCH_PATHS = (
					"$(inherited)",
					"$(PROJECT_DIR)/VideoPlayerPractice",
				);
				GENERATE_INFOPLIST_FILE = YES;
				INFOPLIST_FILE = VideoPlayerDemo/Info.plist;
				INFOPLIST_KEY_UIApplicationSupportsIndirectInputEvents = YES;
				INFOPLIST_KEY_UILaunchStoryboardName = LaunchScreen;
				INFOPLIST_KEY_UIMainStoryboardFile = Main;
				INFOPLIST_KEY_UISupportedInterfaceOrientations_iPad = "UIInterfaceOrientationPortrait UIInterfaceOrientationPortraitUpsideDown UIInterfaceOrientationLandscapeLeft UIInterfaceOrientationLandscapeRight";
				INFOPLIST_KEY_UISupportedInterfaceOrientations_iPhone = "UIInterfaceOrientationPortrait UIInterfaceOrientationLandscapeLeft UIInterfaceOrientationLandscapeRight";
				LD_RUNPATH_SEARCH_PATHS = (
					"$(inherited)",
					"@executable_path/Frameworks",
				);
				MARKETING_VERSION = 1.0;
				PRODUCT_BUNDLE_IDENTIFIER = com.xue.VideoPlayerPractice;
				PRODUCT_NAME = "$(TARGET_NAME)";
				SWIFT_EMIT_LOC_STRINGS = YES;
				SWIFT_VERSION = 5.0;
				TARGETED_DEVICE_FAMILY = "1,2";
			};
			name = Debug;
		};
		6D83CB602936201200AA1015 /* Release */ = {
			isa = XCBuildConfiguration;
			baseConfigurationReference = 1A07443823FA007D3EDEC4EA /* Pods-VideoPlayerPractice.release.xcconfig */;
			buildSettings = {
				ASSETCATALOG_COMPILER_APPICON_NAME = AppIcon;
				ASSETCATALOG_COMPILER_GLOBAL_ACCENT_COLOR_NAME = AccentColor;
				CODE_SIGN_STYLE = Automatic;
				CURRENT_PROJECT_VERSION = 1;
				FRAMEWORK_SEARCH_PATHS = (
					"$(inherited)",
					"$(PROJECT_DIR)/VideoPlayerPractice",
				);
				GENERATE_INFOPLIST_FILE = YES;
				INFOPLIST_FILE = VideoPlayerDemo/Info.plist;
				INFOPLIST_KEY_UIApplicationSupportsIndirectInputEvents = YES;
				INFOPLIST_KEY_UILaunchStoryboardName = LaunchScreen;
				INFOPLIST_KEY_UIMainStoryboardFile = Main;
				INFOPLIST_KEY_UISupportedInterfaceOrientations_iPad = "UIInterfaceOrientationPortrait UIInterfaceOrientationPortraitUpsideDown UIInterfaceOrientationLandscapeLeft UIInterfaceOrientationLandscapeRight";
				INFOPLIST_KEY_UISupportedInterfaceOrientations_iPhone = "UIInterfaceOrientationPortrait UIInterfaceOrientationLandscapeLeft UIInterfaceOrientationLandscapeRight";
				LD_RUNPATH_SEARCH_PATHS = (
					"$(inherited)",
					"@executable_path/Frameworks",
				);
				MARKETING_VERSION = 1.0;
				PRODUCT_BUNDLE_IDENTIFIER = com.xue.VideoPlayerPractice;
				PRODUCT_NAME = "$(TARGET_NAME)";
				SWIFT_EMIT_LOC_STRINGS = YES;
				SWIFT_VERSION = 5.0;
				TARGETED_DEVICE_FAMILY = "1,2";
			};
			name = Release;
		};
		6DE303A9293A182200E8A60A /* Debug */ = {
			isa = XCBuildConfiguration;
			buildSettings = {
				ASSETCATALOG_COMPILER_APPICON_NAME = AppIcon;
				ASSETCATALOG_COMPILER_GLOBAL_ACCENT_COLOR_NAME = AccentColor;
				CODE_SIGN_STYLE = Automatic;
				CURRENT_PROJECT_VERSION = 1;
				FRAMEWORK_SEARCH_PATHS = (
					"$(inherited)",
					"$(PROJECT_DIR)/IJKPlayerDemo",
				);
				GENERATE_INFOPLIST_FILE = YES;
				INFOPLIST_FILE = IJKPlayerDemo/Info.plist;
				INFOPLIST_KEY_UIApplicationSupportsIndirectInputEvents = YES;
				INFOPLIST_KEY_UILaunchStoryboardName = LaunchScreen;
				INFOPLIST_KEY_UIMainStoryboardFile = Main;
				INFOPLIST_KEY_UISupportedInterfaceOrientations_iPad = "UIInterfaceOrientationPortrait UIInterfaceOrientationPortraitUpsideDown UIInterfaceOrientationLandscapeLeft UIInterfaceOrientationLandscapeRight";
				INFOPLIST_KEY_UISupportedInterfaceOrientations_iPhone = "UIInterfaceOrientationPortrait UIInterfaceOrientationLandscapeLeft UIInterfaceOrientationLandscapeRight";
				LD_RUNPATH_SEARCH_PATHS = (
					"$(inherited)",
					"@executable_path/Frameworks",
				);
				MARKETING_VERSION = 1.0;
				OTHER_SWIFT_FLAGS = "-DIJK_DEMO";
				PRODUCT_BUNDLE_IDENTIFIER = com.xue.IJKPlayerDemo;
				PRODUCT_NAME = "$(TARGET_NAME)";
				SWIFT_EMIT_LOC_STRINGS = YES;
				SWIFT_VERSION = 5.0;
				TARGETED_DEVICE_FAMILY = "1,2";
			};
			name = Debug;
		};
		6DE303AA293A182200E8A60A /* Release */ = {
			isa = XCBuildConfiguration;
			buildSettings = {
				ASSETCATALOG_COMPILER_APPICON_NAME = AppIcon;
				ASSETCATALOG_COMPILER_GLOBAL_ACCENT_COLOR_NAME = AccentColor;
				CODE_SIGN_STYLE = Automatic;
				CURRENT_PROJECT_VERSION = 1;
				FRAMEWORK_SEARCH_PATHS = (
					"$(inherited)",
					"$(PROJECT_DIR)/IJKPlayerDemo",
				);
				GENERATE_INFOPLIST_FILE = YES;
				INFOPLIST_FILE = IJKPlayerDemo/Info.plist;
				INFOPLIST_KEY_UIApplicationSupportsIndirectInputEvents = YES;
				INFOPLIST_KEY_UILaunchStoryboardName = LaunchScreen;
				INFOPLIST_KEY_UIMainStoryboardFile = Main;
				INFOPLIST_KEY_UISupportedInterfaceOrientations_iPad = "UIInterfaceOrientationPortrait UIInterfaceOrientationPortraitUpsideDown UIInterfaceOrientationLandscapeLeft UIInterfaceOrientationLandscapeRight";
				INFOPLIST_KEY_UISupportedInterfaceOrientations_iPhone = "UIInterfaceOrientationPortrait UIInterfaceOrientationLandscapeLeft UIInterfaceOrientationLandscapeRight";
				LD_RUNPATH_SEARCH_PATHS = (
					"$(inherited)",
					"@executable_path/Frameworks",
				);
				MARKETING_VERSION = 1.0;
				OTHER_SWIFT_FLAGS = "-DIJK_DEMO";
				PRODUCT_BUNDLE_IDENTIFIER = com.xue.IJKPlayerDemo;
				PRODUCT_NAME = "$(TARGET_NAME)";
				SWIFT_EMIT_LOC_STRINGS = YES;
				SWIFT_VERSION = 5.0;
				TARGETED_DEVICE_FAMILY = "1,2";
			};
			name = Release;
		};
/* End XCBuildConfiguration section */

/* Begin XCConfigurationList section */
		6D83CB2F2936201000AA1015 /* Build configuration list for PBXProject "VideoPlayerDemo" */ = {
			isa = XCConfigurationList;
			buildConfigurations = (
				6D83CB5C2936201200AA1015 /* Debug */,
				6D83CB5D2936201200AA1015 /* Release */,
			);
			defaultConfigurationIsVisible = 0;
			defaultConfigurationName = Release;
		};
		6D83CB5E2936201200AA1015 /* Build configuration list for PBXNativeTarget "VideoPlayerDemo" */ = {
			isa = XCConfigurationList;
			buildConfigurations = (
				6D83CB5F2936201200AA1015 /* Debug */,
				6D83CB602936201200AA1015 /* Release */,
			);
			defaultConfigurationIsVisible = 0;
			defaultConfigurationName = Release;
		};
		6DE303A8293A182200E8A60A /* Build configuration list for PBXNativeTarget "IJKPlayerDemo" */ = {
			isa = XCConfigurationList;
			buildConfigurations = (
				6DE303A9293A182200E8A60A /* Debug */,
				6DE303AA293A182200E8A60A /* Release */,
			);
			defaultConfigurationIsVisible = 0;
			defaultConfigurationName = Release;
		};
/* End XCConfigurationList section */
	};
	rootObject = 6D83CB2C2936201000AA1015 /* Project object */;
}
